
Microsoft Visual Studio Solution File, Format Version 12.00
# Visual Studio 2012
Project("{FAE04EC0-301F-11D3-BF4B-00C04F79EFBC}") = "Oct.Framework.TestWeb", "Oct.Framework.TestWeb\Oct.Framework.TestWeb.csproj", "{4503CA5E-2510-4331-BCF0-F35E3601118F}"
EndProject
Project("{2150E333-8FDC-42A3-9474-1A3956D46DE8}") = "Test--测试项目", "Test--测试项目", "{AAAA263F-A80B-4F74-91E7-A69F374BE936}"
EndProject
Project("{FAE04EC0-301F-11D3-BF4B-00C04F79EFBC}") = "Oct.Framework.Test", "Oct.Framework.Test\Oct.Framework.Test.csproj", "{40867333-D707-4EE3-AEA1-35FAE537287F}"
EndProject
Project("{FAE04EC0-301F-11D3-BF4B-00C04F79EFBC}") = "Oct.Framework.Core", "Oct.Framework.Core\Oct.Framework.Core.csproj", "{61839D66-763D-4B91-9C3C-687B8AD40FD6}"
EndProject
Project("{FAE04EC0-301F-11D3-BF4B-00C04F79EFBC}") = "Oct.Framework.Entities", "Oct.Framework.Entities\Oct.Framework.Entities.csproj", "{DA2C1635-3011-403D-809E-C1B411A391A9}"
EndProject
Project("{FAE04EC0-301F-11D3-BF4B-00C04F79EFBC}") = "Oct.Framework.DB", "Oct.Framework.DB\Oct.Framework.DB.csproj", "{9FA1EBD6-3362-4225-AA78-6EB95FBFAE93}"
EndProject
Project("{FAE04EC0-301F-11D3-BF4B-00C04F79EFBC}") = "Oct.Framework.MongoDB", "Oct.Framework.MongoDB\Oct.Framework.MongoDB.csproj", "{EFF286CF-2E5E-46A7-B3C3-DC40E3E46191}"
EndProject
Project("{FAE04EC0-301F-11D3-BF4B-00C04F79EFBC}") = "Oct.Framework.MvcExt", "Oct.Framework.MvcExt\Oct.Framework.MvcExt.csproj", "{72CE828E-ACD3-43A4-9CCB-F1DAC80C6713}"
EndProject
Project("{2150E333-8FDC-42A3-9474-1A3956D46DE8}") = "Services", "Services", "{52B2E0BF-C674-4200-BD6F-79270E11C3EE}"
EndProject
Project("{FAE04EC0-301F-11D3-BF4B-00C04F79EFBC}") = "Oct.Framework.Services", "Oct.Framework.Services\Oct.Framework.Services.csproj", "{D9EB4C9D-537A-47C9-A8A8-153AE8B9D7B9}"
EndProject
Project("{2150E333-8FDC-42A3-9474-1A3956D46DE8}") = "IM--即时通信（BS与CS）", "IM--即时通信（BS与CS）", "{979D055C-2527-47EE-BFFE-27BE43D4F64F}"
EndProject
Project("{2150E333-8FDC-42A3-9474-1A3956D46DE8}") = "Socket", "Socket", "{7B58438B-C10E-49C9-9766-7B264574E818}"
EndProject
Project("{2150E333-8FDC-42A3-9474-1A3956D46DE8}") = "Web-SignalR", "Web-SignalR", "{54979160-E56D-44F4-9AD2-1133F625025D}"
EndProject
Project("{FAE04EC0-301F-11D3-BF4B-00C04F79EFBC}") = "Oct.Framework.Socket", "Oct.Framework.Socket\Oct.Framework.Socket.csproj", "{6AB7FD8A-679C-4627-927E-998B8283FB42}"
EndProject
Project("{FAE04EC0-301F-11D3-BF4B-00C04F79EFBC}") = "Oct.Framework.Socket.Common", "Oct.Framework.Socket.Common\Oct.Framework.Socket.Common.csproj", "{27C7688B-1805-4362-90A0-809FB5FB43DC}"
EndProject
Project("{FAE04EC0-301F-11D3-BF4B-00C04F79EFBC}") = "Oct.Framework.SignalRDemo", "Oct.Framework.SignalRDemo\Oct.Framework.SignalRDemo.csproj", "{2A91C95C-6D55-4E52-981D-194EA1BF224F}"
EndProject
Project("{2150E333-8FDC-42A3-9474-1A3956D46DE8}") = "SearchEngine--搜索引擎", "SearchEngine--搜索引擎", "{785FE567-E07A-4914-BA48-5BE8271E7D70}"
EndProject
Project("{FAE04EC0-301F-11D3-BF4B-00C04F79EFBC}") = "Oct.Framework.SearchEngine", "Oct.Framework.SearchEngine\Oct.Framework.SearchEngine.csproj", "{EF421A43-99C8-4CB7-8DC9-531B951EED7C}"
EndProject
Project("{2150E333-8FDC-42A3-9474-1A3956D46DE8}") = "Base--底层通用技术", "Base--底层通用技术", "{7F2A7FB9-2FDF-4919-92F4-681DE1C44A46}"
EndProject
Project("{2150E333-8FDC-42A3-9474-1A3956D46DE8}") = "DB--ORM与MongoDB", "DB--ORM与MongoDB", "{6A6FAB76-E6AD-4F5B-A333-E4EFE6FF0700}"
EndProject
Project("{2150E333-8FDC-42A3-9474-1A3956D46DE8}") = "MVC--MVC扩展以及基类", "MVC--MVC扩展以及基类", "{9A65AFDB-3A3D-4941-A0CC-CBD1771ADAB4}"
EndProject
Project("{2150E333-8FDC-42A3-9474-1A3956D46DE8}") = "MessageQueue--消息队列解决并发", "MessageQueue--消息队列解决并发", "{BF9A6E73-F9D9-4E1D-85A4-44109BC360DA}"
EndProject
Project("{FAE04EC0-301F-11D3-BF4B-00C04F79EFBC}") = "Oct.Framework.MQ", "Oct.Framework.MQ\Oct.Framework.MQ.csproj", "{59252327-8B9D-48B2-89BD-74887085585B}"
EndProject
Project("{2150E333-8FDC-42A3-9474-1A3956D46DE8}") = "框架介绍", "框架介绍", "{48F8B951-42D2-43EC-ACBC-8822574F1794}"
	ProjectSection(SolutionItems) = preProject
		参考文章.txt = 参考文章.txt
		框架简介.txt = 框架简介.txt
	EndProjectSection
EndProject
Project("{2150E333-8FDC-42A3-9474-1A3956D46DE8}") = "WinServices--Windows服务总线", "WinServices--Windows服务总线", "{054F7CFB-2B45-4454-AB3E-4B2D660E999F}"
EndProject
Project("{FAE04EC0-301F-11D3-BF4B-00C04F79EFBC}") = "Oct.Framework.WinServiceKernel", "Oct.Framework.WinServiceKernel\Oct.Framework.WinServiceKernel.csproj", "{359467D2-B0AF-4D8D-ACA6-2D9C65AAFD6C}"
EndProject
Project("{FAE04EC0-301F-11D3-BF4B-00C04F79EFBC}") = "Oct.Framework.WinConsole", "Oct.Framework.WinConsole\Oct.Framework.WinConsole.csproj", "{25F46748-E859-4F09-8932-F57252F011D0}"
EndProject
Project("{FAE04EC0-301F-11D3-BF4B-00C04F79EFBC}") = "Oct.Framework.WinService", "Oct.Framework.WinService\Oct.Framework.WinService.csproj", "{9F9BF536-4217-421C-932D-DD27D53EFCE3}"
EndProject
Project("{FAE04EC0-301F-11D3-BF4B-00C04F79EFBC}") = "Oct.Framework.MQDemo", "Oct.Framework.MQDemo\Oct.Framework.MQDemo.csproj", "{3005A7AD-1C6B-4801-A22B-054419DA8A00}"
EndProject
Project("{FAE04EC0-301F-11D3-BF4B-00C04F79EFBC}") = "Oct.Framework.MQClientDemo", "Oct.Framework.MQClientDemo\Oct.Framework.MQClientDemo.csproj", "{2AEAC44D-5E62-4709-8536-D24DA689925A}"
EndProject
Global
	GlobalSection(SolutionConfigurationPlatforms) = preSolution
		Debug|Any CPU = Debug|Any CPU
		Release|Any CPU = Release|Any CPU
	EndGlobalSection
	GlobalSection(ProjectConfigurationPlatforms) = postSolution
		{4503CA5E-2510-4331-BCF0-F35E3601118F}.Debug|Any CPU.ActiveCfg = Debug|Any CPU
		{4503CA5E-2510-4331-BCF0-F35E3601118F}.Debug|Any CPU.Build.0 = Debug|Any CPU
		{4503CA5E-2510-4331-BCF0-F35E3601118F}.Release|Any CPU.ActiveCfg = Release|Any CPU
		{4503CA5E-2510-4331-BCF0-F35E3601118F}.Release|Any CPU.Build.0 = Release|Any CPU
		{40867333-D707-4EE3-AEA1-35FAE537287F}.Debug|Any CPU.ActiveCfg = Debug|Any CPU
		{40867333-D707-4EE3-AEA1-35FAE537287F}.Debug|Any CPU.Build.0 = Debug|Any CPU
		{40867333-D707-4EE3-AEA1-35FAE537287F}.Release|Any CPU.ActiveCfg = Release|Any CPU
		{40867333-D707-4EE3-AEA1-35FAE537287F}.Release|Any CPU.Build.0 = Release|Any CPU
		{61839D66-763D-4B91-9C3C-687B8AD40FD6}.Debug|Any CPU.ActiveCfg = Debug|Any CPU
		{61839D66-763D-4B91-9C3C-687B8AD40FD6}.Debug|Any CPU.Build.0 = Debug|Any CPU
		{61839D66-763D-4B91-9C3C-687B8AD40FD6}.Release|Any CPU.ActiveCfg = Release|Any CPU
		{61839D66-763D-4B91-9C3C-687B8AD40FD6}.Release|Any CPU.Build.0 = Release|Any CPU
		{DA2C1635-3011-403D-809E-C1B411A391A9}.Debug|Any CPU.ActiveCfg = Debug|Any CPU
		{DA2C1635-3011-403D-809E-C1B411A391A9}.Debug|Any CPU.Build.0 = Debug|Any CPU
		{DA2C1635-3011-403D-809E-C1B411A391A9}.Release|Any CPU.ActiveCfg = Release|Any CPU
		{DA2C1635-3011-403D-809E-C1B411A391A9}.Release|Any CPU.Build.0 = Release|Any CPU
		{9FA1EBD6-3362-4225-AA78-6EB95FBFAE93}.Debug|Any CPU.ActiveCfg = Debug|Any CPU
		{9FA1EBD6-3362-4225-AA78-6EB95FBFAE93}.Debug|Any CPU.Build.0 = Debug|Any CPU
		{9FA1EBD6-3362-4225-AA78-6EB95FBFAE93}.Release|Any CPU.ActiveCfg = Release|Any CPU
		{9FA1EBD6-3362-4225-AA78-6EB95FBFAE93}.Release|Any CPU.Build.0 = Release|Any CPU
		{EFF286CF-2E5E-46A7-B3C3-DC40E3E46191}.Debug|Any CPU.ActiveCfg = Debug|Any CPU
		{EFF286CF-2E5E-46A7-B3C3-DC40E3E46191}.Debug|Any CPU.Build.0 = Debug|Any CPU
		{EFF286CF-2E5E-46A7-B3C3-DC40E3E46191}.Release|Any CPU.ActiveCfg = Release|Any CPU
		{EFF286CF-2E5E-46A7-B3C3-DC40E3E46191}.Release|Any CPU.Build.0 = Release|Any CPU
		{72CE828E-ACD3-43A4-9CCB-F1DAC80C6713}.Debug|Any CPU.ActiveCfg = Debug|Any CPU
		{72CE828E-ACD3-43A4-9CCB-F1DAC80C6713}.Debug|Any CPU.Build.0 = Debug|Any CPU
		{72CE828E-ACD3-43A4-9CCB-F1DAC80C6713}.Release|Any CPU.ActiveCfg = Release|Any CPU
		{72CE828E-ACD3-43A4-9CCB-F1DAC80C6713}.Release|Any CPU.Build.0 = Release|Any CPU
		{D9EB4C9D-537A-47C9-A8A8-153AE8B9D7B9}.Debug|Any CPU.ActiveCfg = Debug|Any CPU
		{D9EB4C9D-537A-47C9-A8A8-153AE8B9D7B9}.Debug|Any CPU.Build.0 = Debug|Any CPU
		{D9EB4C9D-537A-47C9-A8A8-153AE8B9D7B9}.Release|Any CPU.ActiveCfg = Release|Any CPU
		{D9EB4C9D-537A-47C9-A8A8-153AE8B9D7B9}.Release|Any CPU.Build.0 = Release|Any CPU
		{6AB7FD8A-679C-4627-927E-998B8283FB42}.Debug|Any CPU.ActiveCfg = Debug|Any CPU
		{6AB7FD8A-679C-4627-927E-998B8283FB42}.Debug|Any CPU.Build.0 = Debug|Any CPU
		{6AB7FD8A-679C-4627-927E-998B8283FB42}.Release|Any CPU.ActiveCfg = Release|Any CPU
		{6AB7FD8A-679C-4627-927E-998B8283FB42}.Release|Any CPU.Build.0 = Release|Any CPU
		{27C7688B-1805-4362-90A0-809FB5FB43DC}.Debug|Any CPU.ActiveCfg = Debug|Any CPU
		{27C7688B-1805-4362-90A0-809FB5FB43DC}.Debug|Any CPU.Build.0 = Debug|Any CPU
		{27C7688B-1805-4362-90A0-809FB5FB43DC}.Release|Any CPU.ActiveCfg = Release|Any CPU
		{27C7688B-1805-4362-90A0-809FB5FB43DC}.Release|Any CPU.Build.0 = Release|Any CPU
		{2A91C95C-6D55-4E52-981D-194EA1BF224F}.Debug|Any CPU.ActiveCfg = Debug|Any CPU
		{2A91C95C-6D55-4E52-981D-194EA1BF224F}.Debug|Any CPU.Build.0 = Debug|Any CPU
		{2A91C95C-6D55-4E52-981D-194EA1BF224F}.Release|Any CPU.ActiveCfg = Release|Any CPU
		{2A91C95C-6D55-4E52-981D-194EA1BF224F}.Release|Any CPU.Build.0 = Release|Any CPU
		{EF421A43-99C8-4CB7-8DC9-531B951EED7C}.Debug|Any CPU.ActiveCfg = Debug|Any CPU
		{EF421A43-99C8-4CB7-8DC9-531B951EED7C}.Debug|Any CPU.Build.0 = Debug|Any CPU
		{EF421A43-99C8-4CB7-8DC9-531B951EED7C}.Release|Any CPU.ActiveCfg = Release|Any CPU
		{EF421A43-99C8-4CB7-8DC9-531B951EED7C}.Release|Any CPU.Build.0 = Release|Any CPU
		{59252327-8B9D-48B2-89BD-74887085585B}.Debug|Any CPU.ActiveCfg = Debug|Any CPU
		{59252327-8B9D-48B2-89BD-74887085585B}.Debug|Any CPU.Build.0 = Debug|Any CPU
		{59252327-8B9D-48B2-89BD-74887085585B}.Release|Any CPU.ActiveCfg = Release|Any CPU
		{59252327-8B9D-48B2-89BD-74887085585B}.Release|Any CPU.Build.0 = Release|Any CPU
		{359467D2-B0AF-4D8D-ACA6-2D9C65AAFD6C}.Debug|Any CPU.ActiveCfg = Debug|Any CPU
		{359467D2-B0AF-4D8D-ACA6-2D9C65AAFD6C}.Debug|Any CPU.Build.0 = Debug|Any CPU
		{359467D2-B0AF-4D8D-ACA6-2D9C65AAFD6C}.Release|Any CPU.ActiveCfg = Release|Any CPU
		{359467D2-B0AF-4D8D-ACA6-2D9C65AAFD6C}.Release|Any CPU.Build.0 = Release|Any CPU
		{25F46748-E859-4F09-8932-F57252F011D0}.Debug|Any CPU.ActiveCfg = Debug|Any CPU
		{25F46748-E859-4F09-8932-F57252F011D0}.Debug|Any CPU.Build.0 = Debug|Any CPU
		{25F46748-E859-4F09-8932-F57252F011D0}.Release|Any CPU.ActiveCfg = Release|Any CPU
		{25F46748-E859-4F09-8932-F57252F011D0}.Release|Any CPU.Build.0 = Release|Any CPU
		{9F9BF536-4217-421C-932D-DD27D53EFCE3}.Debug|Any CPU.ActiveCfg = Debug|Any CPU
		{9F9BF536-4217-421C-932D-DD27D53EFCE3}.Debug|Any CPU.Build.0 = Debug|Any CPU
		{9F9BF536-4217-421C-932D-DD27D53EFCE3}.Release|Any CPU.ActiveCfg = Release|Any CPU
		{9F9BF536-4217-421C-932D-DD27D53EFCE3}.Release|Any CPU.Build.0 = Release|Any CPU
		{3005A7AD-1C6B-4801-A22B-054419DA8A00}.Debug|Any CPU.ActiveCfg = Debug|Any CPU
		{3005A7AD-1C6B-4801-A22B-054419DA8A00}.Debug|Any CPU.Build.0 = Debug|Any CPU
		{3005A7AD-1C6B-4801-A22B-054419DA8A00}.Release|Any CPU.ActiveCfg = Release|Any CPU
		{3005A7AD-1C6B-4801-A22B-054419DA8A00}.Release|Any CPU.Build.0 = Release|Any CPU
		{2AEAC44D-5E62-4709-8536-D24DA689925A}.Debug|Any CPU.ActiveCfg = Debug|Any CPU
		{2AEAC44D-5E62-4709-8536-D24DA689925A}.Debug|Any CPU.Build.0 = Debug|Any CPU
		{2AEAC44D-5E62-4709-8536-D24DA689925A}.Release|Any CPU.ActiveCfg = Release|Any CPU
		{2AEAC44D-5E62-4709-8536-D24DA689925A}.Release|Any CPU.Build.0 = Release|Any CPU
	EndGlobalSection
	GlobalSection(SolutionProperties) = preSolution
		HideSolutionNode = FALSE
	EndGlobalSection
	GlobalSection(NestedProjects) = preSolution
		{4503CA5E-2510-4331-BCF0-F35E3601118F} = {AAAA263F-A80B-4F74-91E7-A69F374BE936}
		{40867333-D707-4EE3-AEA1-35FAE537287F} = {AAAA263F-A80B-4F74-91E7-A69F374BE936}
		{52B2E0BF-C674-4200-BD6F-79270E11C3EE} = {AAAA263F-A80B-4F74-91E7-A69F374BE936}
		{61839D66-763D-4B91-9C3C-687B8AD40FD6} = {7F2A7FB9-2FDF-4919-92F4-681DE1C44A46}
		{9FA1EBD6-3362-4225-AA78-6EB95FBFAE93} = {6A6FAB76-E6AD-4F5B-A333-E4EFE6FF0700}
		{EFF286CF-2E5E-46A7-B3C3-DC40E3E46191} = {6A6FAB76-E6AD-4F5B-A333-E4EFE6FF0700}
		{DA2C1635-3011-403D-809E-C1B411A391A9} = {6A6FAB76-E6AD-4F5B-A333-E4EFE6FF0700}
		{72CE828E-ACD3-43A4-9CCB-F1DAC80C6713} = {9A65AFDB-3A3D-4941-A0CC-CBD1771ADAB4}
		{D9EB4C9D-537A-47C9-A8A8-153AE8B9D7B9} = {52B2E0BF-C674-4200-BD6F-79270E11C3EE}
		{7B58438B-C10E-49C9-9766-7B264574E818} = {979D055C-2527-47EE-BFFE-27BE43D4F64F}
		{54979160-E56D-44F4-9AD2-1133F625025D} = {979D055C-2527-47EE-BFFE-27BE43D4F64F}
		{6AB7FD8A-679C-4627-927E-998B8283FB42} = {7B58438B-C10E-49C9-9766-7B264574E818}
		{27C7688B-1805-4362-90A0-809FB5FB43DC} = {7B58438B-C10E-49C9-9766-7B264574E818}
		{2A91C95C-6D55-4E52-981D-194EA1BF224F} = {54979160-E56D-44F4-9AD2-1133F625025D}
		{EF421A43-99C8-4CB7-8DC9-531B951EED7C} = {785FE567-E07A-4914-BA48-5BE8271E7D70}
		{59252327-8B9D-48B2-89BD-74887085585B} = {BF9A6E73-F9D9-4E1D-85A4-44109BC360DA}
		{3005A7AD-1C6B-4801-A22B-054419DA8A00} = {BF9A6E73-F9D9-4E1D-85A4-44109BC360DA}
		{2AEAC44D-5E62-4709-8536-D24DA689925A} = {BF9A6E73-F9D9-4E1D-85A4-44109BC360DA}
		{359467D2-B0AF-4D8D-ACA6-2D9C65AAFD6C} = {054F7CFB-2B45-4454-AB3E-4B2D660E999F}
		{25F46748-E859-4F09-8932-F57252F011D0} = {054F7CFB-2B45-4454-AB3E-4B2D660E999F}
		{9F9BF536-4217-421C-932D-DD27D53EFCE3} = {054F7CFB-2B45-4454-AB3E-4B2D660E999F}
	EndGlobalSection
EndGlobal
